// !$*UTF8*$!
{
	archiveVersion = 1;
	classes = {
	};
	objectVersion = 46;
	objects = {

/* Begin PBXBuildFile section */
		350008A318DD154600C8671B /* GoogleMaps.framework in Frameworks */ = {isa = PBXBuildFile; fileRef = 350008A218DD154600C8671B /* GoogleMaps.framework */; };
		350008A518DD156600C8671B /* GoogleMaps.bundle in Resources */ = {isa = PBXBuildFile; fileRef = 350008A418DD156600C8671B /* GoogleMaps.bundle */; };
		351B598618E1FC8600484088 /* cardetailsViewController.m in Sources */ = {isa = PBXBuildFile; fileRef = 351B598518E1FC8600484088 /* cardetailsViewController.m */; };
		3546A42418DFDC5F00C8E9BA /* Accounts.framework in Frameworks */ = {isa = PBXBuildFile; fileRef = 3546A42318DFDC5F00C8E9BA /* Accounts.framework */; };
		3546A42818DFDE6300C8E9BA /* FacebookSDK.framework in Frameworks */ = {isa = PBXBuildFile; fileRef = 3546A42718DFDE6300C8E9BA /* FacebookSDK.framework */; };
		3560F82918ECCA4D004F4777 /* ProviderRegisterationViewController.m in Sources */ = {isa = PBXBuildFile; fileRef = 3560F82818ECCA4D004F4777 /* ProviderRegisterationViewController.m */; };
		357102B118DAA5B000DA17E4 /* Foundation.framework in Frameworks */ = {isa = PBXBuildFile; fileRef = 357102B018DAA5B000DA17E4 /* Foundation.framework */; };
		357102B318DAA5B000DA17E4 /* CoreGraphics.framework in Frameworks */ = {isa = PBXBuildFile; fileRef = 357102B218DAA5B000DA17E4 /* CoreGraphics.framework */; };
		357102B518DAA5B000DA17E4 /* UIKit.framework in Frameworks */ = {isa = PBXBuildFile; fileRef = 357102B418DAA5B000DA17E4 /* UIKit.framework */; };
		357102BB18DAA5B000DA17E4 /* InfoPlist.strings in Resources */ = {isa = PBXBuildFile; fileRef = 357102B918DAA5B000DA17E4 /* InfoPlist.strings */; };
		357102BD18DAA5B000DA17E4 /* main.m in Sources */ = {isa = PBXBuildFile; fileRef = 357102BC18DAA5B000DA17E4 /* main.m */; };
		357102C118DAA5B000DA17E4 /* finalUIAppDelegate.m in Sources */ = {isa = PBXBuildFile; fileRef = 357102C018DAA5B000DA17E4 /* finalUIAppDelegate.m */; };
		357102C418DAA5B000DA17E4 /* Main.storyboard in Resources */ = {isa = PBXBuildFile; fileRef = 357102C218DAA5B000DA17E4 /* Main.storyboard */; };
		357102C718DAA5B000DA17E4 /* finalUIViewController.m in Sources */ = {isa = PBXBuildFile; fileRef = 357102C618DAA5B000DA17E4 /* finalUIViewController.m */; };
		357102C918DAA5B100DA17E4 /* Images.xcassets in Resources */ = {isa = PBXBuildFile; fileRef = 357102C818DAA5B100DA17E4 /* Images.xcassets */; };
		357102D018DAA5B100DA17E4 /* XCTest.framework in Frameworks */ = {isa = PBXBuildFile; fileRef = 357102CF18DAA5B100DA17E4 /* XCTest.framework */; };
		357102D118DAA5B100DA17E4 /* Foundation.framework in Frameworks */ = {isa = PBXBuildFile; fileRef = 357102B018DAA5B000DA17E4 /* Foundation.framework */; };
		357102D218DAA5B100DA17E4 /* UIKit.framework in Frameworks */ = {isa = PBXBuildFile; fileRef = 357102B418DAA5B000DA17E4 /* UIKit.framework */; };
		357102DA18DAA5B100DA17E4 /* InfoPlist.strings in Resources */ = {isa = PBXBuildFile; fileRef = 357102D818DAA5B100DA17E4 /* InfoPlist.strings */; };
		357102DC18DAA5B100DA17E4 /* VehicleServiceTests.m in Sources */ = {isa = PBXBuildFile; fileRef = 357102DB18DAA5B100DA17E4 /* VehicleServiceTests.m */; };
		357102E618DAA98800DA17E4 /* background.png in Resources */ = {isa = PBXBuildFile; fileRef = 357102E518DAA98800DA17E4 /* background.png */; };
		35DF28C618DFC9E60038D583 /* RegisterUIViewController.m in Sources */ = {isa = PBXBuildFile; fileRef = 35DF28C518DFC9E60038D583 /* RegisterUIViewController.m */; };
		35DF28C818DFCB0A0038D583 /* Parse.framework in Frameworks */ = {isa = PBXBuildFile; fileRef = 35DF28C718DFCB0A0038D583 /* Parse.framework */; };
		35DF28CE18DFCB770038D583 /* AudioToolbox.framework in Frameworks */ = {isa = PBXBuildFile; fileRef = 35DF28C918DFCB760038D583 /* AudioToolbox.framework */; };
		35DF28CF18DFCB770038D583 /* CFNetwork.framework in Frameworks */ = {isa = PBXBuildFile; fileRef = 35DF28CA18DFCB760038D583 /* CFNetwork.framework */; };
		35DF28D018DFCB770038D583 /* MobileCoreServices.framework in Frameworks */ = {isa = PBXBuildFile; fileRef = 35DF28CB18DFCB760038D583 /* MobileCoreServices.framework */; };
		35DF28D118DFCB770038D583 /* Security.framework in Frameworks */ = {isa = PBXBuildFile; fileRef = 35DF28CC18DFCB770038D583 /* Security.framework */; };
		35DF28D218DFCB770038D583 /* StoreKit.framework in Frameworks */ = {isa = PBXBuildFile; fileRef = 35DF28CD18DFCB770038D583 /* StoreKit.framework */; };
		35E2F0FF18DB928700DB261E /* GoogleMaps.framework in Frameworks */ = {isa = PBXBuildFile; fileRef = 35E2F0FE18DB928700DB261E /* GoogleMaps.framework */; };
		35E2F10118DB92AF00DB261E /* GoogleMaps.bundle in Resources */ = {isa = PBXBuildFile; fileRef = 35E2F10018DB92AF00DB261E /* GoogleMaps.bundle */; };
		35E2F10318DB92EF00DB261E /* AVFoundation.framework in Frameworks */ = {isa = PBXBuildFile; fileRef = 35E2F10218DB92EF00DB261E /* AVFoundation.framework */; };
		35E2F10918DB930E00DB261E /* CoreData.framework in Frameworks */ = {isa = PBXBuildFile; fileRef = 35E2F10418DB930E00DB261E /* CoreData.framework */; };
		35E2F10A18DB930E00DB261E /* CoreLocation.framework in Frameworks */ = {isa = PBXBuildFile; fileRef = 35E2F10518DB930E00DB261E /* CoreLocation.framework */; };
		35E2F10B18DB930E00DB261E /* CoreText.framework in Frameworks */ = {isa = PBXBuildFile; fileRef = 35E2F10618DB930E00DB261E /* CoreText.framework */; };
		35E2F10C18DB930E00DB261E /* GLKit.framework in Frameworks */ = {isa = PBXBuildFile; fileRef = 35E2F10718DB930E00DB261E /* GLKit.framework */; };
		35E2F10D18DB930E00DB261E /* ImageIO.framework in Frameworks */ = {isa = PBXBuildFile; fileRef = 35E2F10818DB930E00DB261E /* ImageIO.framework */; };
		35E2F11018DB933600DB261E /* libc++.dylib in Frameworks */ = {isa = PBXBuildFile; fileRef = 35E2F10E18DB933600DB261E /* libc++.dylib */; };
		35E2F11118DB933600DB261E /* libicucore.dylib in Frameworks */ = {isa = PBXBuildFile; fileRef = 35E2F10F18DB933600DB261E /* libicucore.dylib */; };
		35E2F11318DB934600DB261E /* libz.dylib in Frameworks */ = {isa = PBXBuildFile; fileRef = 35E2F11218DB934600DB261E /* libz.dylib */; };
		35E2F11718DB936300DB261E /* OpenGLES.framework in Frameworks */ = {isa = PBXBuildFile; fileRef = 35E2F11418DB936300DB261E /* OpenGLES.framework */; };
		35E2F11818DB936300DB261E /* QuartzCore.framework in Frameworks */ = {isa = PBXBuildFile; fileRef = 35E2F11518DB936300DB261E /* QuartzCore.framework */; };
		35E2F11918DB936300DB261E /* SystemConfiguration.framework in Frameworks */ = {isa = PBXBuildFile; fileRef = 35E2F11618DB936300DB261E /* SystemConfiguration.framework */; };
		35E2F11C18DB96B600DB261E /* MapUIViewController.m in Sources */ = {isa = PBXBuildFile; fileRef = 35E2F11B18DB96B600DB261E /* MapUIViewController.m */; };
		35EAB82618E0BEE000B7FE82 /* LoginViewController.m in Sources */ = {isa = PBXBuildFile; fileRef = 35EAB82518E0BEE000B7FE82 /* LoginViewController.m */; };
		35EAB82C18E171B600B7FE82 /* myCarViewController.m in Sources */ = {isa = PBXBuildFile; fileRef = 35EAB82B18E171B600B7FE82 /* myCarViewController.m */; };
		35FED60F18EBAB3E00DCF8FA /* appointmentIViewController.m in Sources */ = {isa = PBXBuildFile; fileRef = 35FED60E18EBAB3E00DCF8FA /* appointmentIViewController.m */; };
/* End PBXBuildFile section */

/* Begin PBXContainerItemProxy section */
		357102D318DAA5B100DA17E4 /* PBXContainerItemProxy */ = {
			isa = PBXContainerItemProxy;
			containerPortal = 357102A518DAA5B000DA17E4 /* Project object */;
			proxyType = 1;
			remoteGlobalIDString = 357102AC18DAA5B000DA17E4;
			remoteInfo = VehicleService;
		};
/* End PBXContainerItemProxy section */

/* Begin PBXFileReference section */
		350008A218DD154600C8671B /* GoogleMaps.framework */ = {isa = PBXFileReference; lastKnownFileType = wrapper.framework; path = GoogleMaps.framework; sourceTree = "<group>"; };
		350008A418DD156600C8671B /* GoogleMaps.bundle */ = {isa = PBXFileReference; lastKnownFileType = "wrapper.plug-in"; name = GoogleMaps.bundle; path = GoogleMaps.framework/Versions/A/Resources/GoogleMaps.bundle; sourceTree = "<group>"; };
		351B598418E1FC8600484088 /* cardetailsViewController.h */ = {isa = PBXFileReference; fileEncoding = 4; lastKnownFileType = sourcecode.c.h; path = cardetailsViewController.h; sourceTree = "<group>"; };
		351B598518E1FC8600484088 /* cardetailsViewController.m */ = {isa = PBXFileReference; fileEncoding = 4; lastKnownFileType = sourcecode.c.objc; path = cardetailsViewController.m; sourceTree = "<group>"; };
		3546A42318DFDC5F00C8E9BA /* Accounts.framework */ = {isa = PBXFileReference; lastKnownFileType = wrapper.framework; name = Accounts.framework; path = System/Library/Frameworks/Accounts.framework; sourceTree = SDKROOT; };
		3546A42718DFDE6300C8E9BA /* FacebookSDK.framework */ = {isa = PBXFileReference; lastKnownFileType = wrapper.framework; name = FacebookSDK.framework; path = ../../../FacebookSDK/FacebookSDK.framework; sourceTree = "<group>"; };
		3560F82718ECCA4D004F4777 /* ProviderRegisterationViewController.h */ = {isa = PBXFileReference; fileEncoding = 4; lastKnownFileType = sourcecode.c.h; path = ProviderRegisterationViewController.h; sourceTree = "<group>"; };
		3560F82818ECCA4D004F4777 /* ProviderRegisterationViewController.m */ = {isa = PBXFileReference; fileEncoding = 4; lastKnownFileType = sourcecode.c.objc; path = ProviderRegisterationViewController.m; sourceTree = "<group>"; };
		357102AD18DAA5B000DA17E4 /* VehicleService.app */ = {isa = PBXFileReference; explicitFileType = wrapper.application; includeInIndex = 0; path = VehicleService.app; sourceTree = BUILT_PRODUCTS_DIR; };
		357102B018DAA5B000DA17E4 /* Foundation.framework */ = {isa = PBXFileReference; lastKnownFileType = wrapper.framework; name = Foundation.framework; path = System/Library/Frameworks/Foundation.framework; sourceTree = SDKROOT; };
		357102B218DAA5B000DA17E4 /* CoreGraphics.framework */ = {isa = PBXFileReference; lastKnownFileType = wrapper.framework; name = CoreGraphics.framework; path = System/Library/Frameworks/CoreGraphics.framework; sourceTree = SDKROOT; };
		357102B418DAA5B000DA17E4 /* UIKit.framework */ = {isa = PBXFileReference; lastKnownFileType = wrapper.framework; name = UIKit.framework; path = System/Library/Frameworks/UIKit.framework; sourceTree = SDKROOT; };
		357102B818DAA5B000DA17E4 /* VehicleService-Info.plist */ = {isa = PBXFileReference; lastKnownFileType = text.plist.xml; path = "VehicleService-Info.plist"; sourceTree = "<group>"; };
		357102BA18DAA5B000DA17E4 /* en */ = {isa = PBXFileReference; lastKnownFileType = text.plist.strings; name = en; path = en.lproj/InfoPlist.strings; sourceTree = "<group>"; };
		357102BC18DAA5B000DA17E4 /* main.m */ = {isa = PBXFileReference; lastKnownFileType = sourcecode.c.objc; path = main.m; sourceTree = "<group>"; };
		357102BE18DAA5B000DA17E4 /* VehicleService-Prefix.pch */ = {isa = PBXFileReference; lastKnownFileType = sourcecode.c.h; path = "VehicleService-Prefix.pch"; sourceTree = "<group>"; };
		357102BF18DAA5B000DA17E4 /* finalUIAppDelegate.h */ = {isa = PBXFileReference; lastKnownFileType = sourcecode.c.h; path = finalUIAppDelegate.h; sourceTree = "<group>"; };
		357102C018DAA5B000DA17E4 /* finalUIAppDelegate.m */ = {isa = PBXFileReference; lastKnownFileType = sourcecode.c.objc; path = finalUIAppDelegate.m; sourceTree = "<group>"; };
		357102C318DAA5B000DA17E4 /* Base */ = {isa = PBXFileReference; lastKnownFileType = file.storyboard; name = Base; path = Base.lproj/Main.storyboard; sourceTree = "<group>"; };
		357102C518DAA5B000DA17E4 /* finalUIViewController.h */ = {isa = PBXFileReference; lastKnownFileType = sourcecode.c.h; path = finalUIViewController.h; sourceTree = "<group>"; };
		357102C618DAA5B000DA17E4 /* finalUIViewController.m */ = {isa = PBXFileReference; lastKnownFileType = sourcecode.c.objc; path = finalUIViewController.m; sourceTree = "<group>"; };
		357102C818DAA5B100DA17E4 /* Images.xcassets */ = {isa = PBXFileReference; lastKnownFileType = folder.assetcatalog; path = Images.xcassets; sourceTree = "<group>"; };
		357102CE18DAA5B100DA17E4 /* VehicleServiceTests.xctest */ = {isa = PBXFileReference; explicitFileType = wrapper.cfbundle; includeInIndex = 0; path = VehicleServiceTests.xctest; sourceTree = BUILT_PRODUCTS_DIR; };
		357102CF18DAA5B100DA17E4 /* XCTest.framework */ = {isa = PBXFileReference; lastKnownFileType = wrapper.framework; name = XCTest.framework; path = Library/Frameworks/XCTest.framework; sourceTree = DEVELOPER_DIR; };
		357102D718DAA5B100DA17E4 /* VehicleServiceTests-Info.plist */ = {isa = PBXFileReference; lastKnownFileType = text.plist.xml; path = "VehicleServiceTests-Info.plist"; sourceTree = "<group>"; };
		357102D918DAA5B100DA17E4 /* en */ = {isa = PBXFileReference; lastKnownFileType = text.plist.strings; name = en; path = en.lproj/InfoPlist.strings; sourceTree = "<group>"; };
		357102DB18DAA5B100DA17E4 /* VehicleServiceTests.m */ = {isa = PBXFileReference; lastKnownFileType = sourcecode.c.objc; path = VehicleServiceTests.m; sourceTree = "<group>"; };
		357102E518DAA98800DA17E4 /* background.png */ = {isa = PBXFileReference; lastKnownFileType = image.png; path = background.png; sourceTree = "<group>"; };
		35DF28C418DFC9E60038D583 /* RegisterUIViewController.h */ = {isa = PBXFileReference; fileEncoding = 4; lastKnownFileType = sourcecode.c.h; path = RegisterUIViewController.h; sourceTree = "<group>"; };
		35DF28C518DFC9E60038D583 /* RegisterUIViewController.m */ = {isa = PBXFileReference; fileEncoding = 4; lastKnownFileType = sourcecode.c.objc; path = RegisterUIViewController.m; sourceTree = "<group>"; };
		35DF28C718DFCB0A0038D583 /* Parse.framework */ = {isa = PBXFileReference; lastKnownFileType = wrapper.framework; path = Parse.framework; sourceTree = "<group>"; };
		35DF28C918DFCB760038D583 /* AudioToolbox.framework */ = {isa = PBXFileReference; lastKnownFileType = wrapper.framework; name = AudioToolbox.framework; path = System/Library/Frameworks/AudioToolbox.framework; sourceTree = SDKROOT; };
		35DF28CA18DFCB760038D583 /* CFNetwork.framework */ = {isa = PBXFileReference; lastKnownFileType = wrapper.framework; name = CFNetwork.framework; path = System/Library/Frameworks/CFNetwork.framework; sourceTree = SDKROOT; };
		35DF28CB18DFCB760038D583 /* MobileCoreServices.framework */ = {isa = PBXFileReference; lastKnownFileType = wrapper.framework; name = MobileCoreServices.framework; path = System/Library/Frameworks/MobileCoreServices.framework; sourceTree = SDKROOT; };
		35DF28CC18DFCB770038D583 /* Security.framework */ = {isa = PBXFileReference; lastKnownFileType = wrapper.framework; name = Security.framework; path = System/Library/Frameworks/Security.framework; sourceTree = SDKROOT; };
		35DF28CD18DFCB770038D583 /* StoreKit.framework */ = {isa = PBXFileReference; lastKnownFileType = wrapper.framework; name = StoreKit.framework; path = System/Library/Frameworks/StoreKit.framework; sourceTree = SDKROOT; };
		35E2F0FE18DB928700DB261E /* GoogleMaps.framework */ = {isa = PBXFileReference; lastKnownFileType = wrapper.framework; path = GoogleMaps.framework; sourceTree = "<group>"; };
		35E2F10018DB92AF00DB261E /* GoogleMaps.bundle */ = {isa = PBXFileReference; lastKnownFileType = "wrapper.plug-in"; name = GoogleMaps.bundle; path = GoogleMaps.framework/Versions/A/Resources/GoogleMaps.bundle; sourceTree = "<group>"; };
		35E2F10218DB92EF00DB261E /* AVFoundation.framework */ = {isa = PBXFileReference; lastKnownFileType = wrapper.framework; name = AVFoundation.framework; path = System/Library/Frameworks/AVFoundation.framework; sourceTree = SDKROOT; };
		35E2F10418DB930E00DB261E /* CoreData.framework */ = {isa = PBXFileReference; lastKnownFileType = wrapper.framework; name = CoreData.framework; path = System/Library/Frameworks/CoreData.framework; sourceTree = SDKROOT; };
		35E2F10518DB930E00DB261E /* CoreLocation.framework */ = {isa = PBXFileReference; lastKnownFileType = wrapper.framework; name = CoreLocation.framework; path = System/Library/Frameworks/CoreLocation.framework; sourceTree = SDKROOT; };
		35E2F10618DB930E00DB261E /* CoreText.framework */ = {isa = PBXFileReference; lastKnownFileType = wrapper.framework; name = CoreText.framework; path = System/Library/Frameworks/CoreText.framework; sourceTree = SDKROOT; };
		35E2F10718DB930E00DB261E /* GLKit.framework */ = {isa = PBXFileReference; lastKnownFileType = wrapper.framework; name = GLKit.framework; path = System/Library/Frameworks/GLKit.framework; sourceTree = SDKROOT; };
		35E2F10818DB930E00DB261E /* ImageIO.framework */ = {isa = PBXFileReference; lastKnownFileType = wrapper.framework; name = ImageIO.framework; path = System/Library/Frameworks/ImageIO.framework; sourceTree = SDKROOT; };
		35E2F10E18DB933600DB261E /* libc++.dylib */ = {isa = PBXFileReference; lastKnownFileType = "compiled.mach-o.dylib"; name = "libc++.dylib"; path = "usr/lib/libc++.dylib"; sourceTree = SDKROOT; };
		35E2F10F18DB933600DB261E /* libicucore.dylib */ = {isa = PBXFileReference; lastKnownFileType = "compiled.mach-o.dylib"; name = libicucore.dylib; path = usr/lib/libicucore.dylib; sourceTree = SDKROOT; };
		35E2F11218DB934600DB261E /* libz.dylib */ = {isa = PBXFileReference; lastKnownFileType = "compiled.mach-o.dylib"; name = libz.dylib; path = usr/lib/libz.dylib; sourceTree = SDKROOT; };
		35E2F11418DB936300DB261E /* OpenGLES.framework */ = {isa = PBXFileReference; lastKnownFileType = wrapper.framework; name = OpenGLES.framework; path = System/Library/Frameworks/OpenGLES.framework; sourceTree = SDKROOT; };
		35E2F11518DB936300DB261E /* QuartzCore.framework */ = {isa = PBXFileReference; lastKnownFileType = wrapper.framework; name = QuartzCore.framework; path = System/Library/Frameworks/QuartzCore.framework; sourceTree = SDKROOT; };
		35E2F11618DB936300DB261E /* SystemConfiguration.framework */ = {isa = PBXFileReference; lastKnownFileType = wrapper.framework; name = SystemConfiguration.framework; path = System/Library/Frameworks/SystemConfiguration.framework; sourceTree = SDKROOT; };
		35E2F11A18DB96B600DB261E /* MapUIViewController.h */ = {isa = PBXFileReference; fileEncoding = 4; lastKnownFileType = sourcecode.c.h; path = MapUIViewController.h; sourceTree = "<group>"; };
		35E2F11B18DB96B600DB261E /* MapUIViewController.m */ = {isa = PBXFileReference; fileEncoding = 4; lastKnownFileType = sourcecode.c.objc; path = MapUIViewController.m; sourceTree = "<group>"; };
		35EAB82418E0BEE000B7FE82 /* LoginViewController.h */ = {isa = PBXFileReference; fileEncoding = 4; lastKnownFileType = sourcecode.c.h; path = LoginViewController.h; sourceTree = "<group>"; };
		35EAB82518E0BEE000B7FE82 /* LoginViewController.m */ = {isa = PBXFileReference; fileEncoding = 4; lastKnownFileType = sourcecode.c.objc; path = LoginViewController.m; sourceTree = "<group>"; };
		35EAB82A18E171B600B7FE82 /* myCarViewController.h */ = {isa = PBXFileReference; fileEncoding = 4; lastKnownFileType = sourcecode.c.h; path = myCarViewController.h; sourceTree = "<group>"; };
		35EAB82B18E171B600B7FE82 /* myCarViewController.m */ = {isa = PBXFileReference; fileEncoding = 4; lastKnownFileType = sourcecode.c.objc; path = myCarViewController.m; sourceTree = "<group>"; };
		35FED60D18EBAB3E00DCF8FA /* appointmentIViewController.h */ = {isa = PBXFileReference; fileEncoding = 4; lastKnownFileType = sourcecode.c.h; path = appointmentIViewController.h; sourceTree = "<group>"; };
		35FED60E18EBAB3E00DCF8FA /* appointmentIViewController.m */ = {isa = PBXFileReference; fileEncoding = 4; lastKnownFileType = sourcecode.c.objc; path = appointmentIViewController.m; sourceTree = "<group>"; };
/* End PBXFileReference section */

/* Begin PBXFrameworksBuildPhase section */
		357102AA18DAA5B000DA17E4 /* Frameworks */ = {
			isa = PBXFrameworksBuildPhase;
			buildActionMask = 2147483647;
			files = (
				3546A42418DFDC5F00C8E9BA /* Accounts.framework in Frameworks */,
				35DF28CE18DFCB770038D583 /* AudioToolbox.framework in Frameworks */,
				35DF28CF18DFCB770038D583 /* CFNetwork.framework in Frameworks */,
				35DF28D018DFCB770038D583 /* MobileCoreServices.framework in Frameworks */,
				35DF28D118DFCB770038D583 /* Security.framework in Frameworks */,
				35DF28D218DFCB770038D583 /* StoreKit.framework in Frameworks */,
				357102B318DAA5B000DA17E4 /* CoreGraphics.framework in Frameworks */,
				35E2F10A18DB930E00DB261E /* CoreLocation.framework in Frameworks */,
				35E2F11318DB934600DB261E /* libz.dylib in Frameworks */,
				35E2F11818DB936300DB261E /* QuartzCore.framework in Frameworks */,
				35E2F11918DB936300DB261E /* SystemConfiguration.framework in Frameworks */,
				35E2F11718DB936300DB261E /* OpenGLES.framework in Frameworks */,
				35E2F11018DB933600DB261E /* libc++.dylib in Frameworks */,
				35E2F11118DB933600DB261E /* libicucore.dylib in Frameworks */,
				35E2F10918DB930E00DB261E /* CoreData.framework in Frameworks */,
				35E2F10B18DB930E00DB261E /* CoreText.framework in Frameworks */,
				35E2F10C18DB930E00DB261E /* GLKit.framework in Frameworks */,
				35DF28C818DFCB0A0038D583 /* Parse.framework in Frameworks */,
				35E2F10D18DB930E00DB261E /* ImageIO.framework in Frameworks */,
				35E2F10318DB92EF00DB261E /* AVFoundation.framework in Frameworks */,
				357102B518DAA5B000DA17E4 /* UIKit.framework in Frameworks */,
				3546A42818DFDE6300C8E9BA /* FacebookSDK.framework in Frameworks */,
				350008A318DD154600C8671B /* GoogleMaps.framework in Frameworks */,
				35E2F0FF18DB928700DB261E /* GoogleMaps.framework in Frameworks */,
				357102B118DAA5B000DA17E4 /* Foundation.framework in Frameworks */,
			);
			runOnlyForDeploymentPostprocessing = 0;
		};
		357102CB18DAA5B100DA17E4 /* Frameworks */ = {
			isa = PBXFrameworksBuildPhase;
			buildActionMask = 2147483647;
			files = (
				357102D018DAA5B100DA17E4 /* XCTest.framework in Frameworks */,
				357102D218DAA5B100DA17E4 /* UIKit.framework in Frameworks */,
				357102D118DAA5B100DA17E4 /* Foundation.framework in Frameworks */,
			);
			runOnlyForDeploymentPostprocessing = 0;
		};
/* End PBXFrameworksBuildPhase section */

/* Begin PBXGroup section */
		357102A418DAA5B000DA17E4 = {
			isa = PBXGroup;
			children = (
				35DF28C718DFCB0A0038D583 /* Parse.framework */,
				357102B618DAA5B000DA17E4 /* VehicleService */,
				357102D518DAA5B100DA17E4 /* VehicleServiceTests */,
				357102AF18DAA5B000DA17E4 /* Frameworks */,
				357102AE18DAA5B000DA17E4 /* Products */,
			);
			sourceTree = "<group>";
		};
		357102AE18DAA5B000DA17E4 /* Products */ = {
			isa = PBXGroup;
			children = (
				357102AD18DAA5B000DA17E4 /* VehicleService.app */,
				357102CE18DAA5B100DA17E4 /* VehicleServiceTests.xctest */,
			);
			name = Products;
			sourceTree = "<group>";
		};
		357102AF18DAA5B000DA17E4 /* Frameworks */ = {
			isa = PBXGroup;
			children = (
				3546A42718DFDE6300C8E9BA /* FacebookSDK.framework */,
				3546A42318DFDC5F00C8E9BA /* Accounts.framework */,
				35DF28C918DFCB760038D583 /* AudioToolbox.framework */,
				35DF28CA18DFCB760038D583 /* CFNetwork.framework */,
				35DF28CB18DFCB760038D583 /* MobileCoreServices.framework */,
				35DF28CC18DFCB770038D583 /* Security.framework */,
				35DF28CD18DFCB770038D583 /* StoreKit.framework */,
				350008A418DD156600C8671B /* GoogleMaps.bundle */,
				350008A218DD154600C8671B /* GoogleMaps.framework */,
				35E2F11418DB936300DB261E /* OpenGLES.framework */,
				35E2F11518DB936300DB261E /* QuartzCore.framework */,
				35E2F11618DB936300DB261E /* SystemConfiguration.framework */,
				35E2F11218DB934600DB261E /* libz.dylib */,
				35E2F10E18DB933600DB261E /* libc++.dylib */,
				35E2F10F18DB933600DB261E /* libicucore.dylib */,
				35E2F10418DB930E00DB261E /* CoreData.framework */,
				35E2F10518DB930E00DB261E /* CoreLocation.framework */,
				35E2F10618DB930E00DB261E /* CoreText.framework */,
				35E2F10718DB930E00DB261E /* GLKit.framework */,
				35E2F10818DB930E00DB261E /* ImageIO.framework */,
				35E2F10218DB92EF00DB261E /* AVFoundation.framework */,
				35E2F10018DB92AF00DB261E /* GoogleMaps.bundle */,
				35E2F0FE18DB928700DB261E /* GoogleMaps.framework */,
				357102B018DAA5B000DA17E4 /* Foundation.framework */,
				357102B218DAA5B000DA17E4 /* CoreGraphics.framework */,
				357102B418DAA5B000DA17E4 /* UIKit.framework */,
				357102CF18DAA5B100DA17E4 /* XCTest.framework */,
			);
			name = Frameworks;
			sourceTree = "<group>";
		};
		357102B618DAA5B000DA17E4 /* VehicleService */ = {
			isa = PBXGroup;
			children = (
				357102E518DAA98800DA17E4 /* background.png */,
				357102BF18DAA5B000DA17E4 /* finalUIAppDelegate.h */,
				357102C018DAA5B000DA17E4 /* finalUIAppDelegate.m */,
				357102C218DAA5B000DA17E4 /* Main.storyboard */,
				351B598418E1FC8600484088 /* cardetailsViewController.h */,
				351B598518E1FC8600484088 /* cardetailsViewController.m */,
				35EAB82A18E171B600B7FE82 /* myCarViewController.h */,
				35EAB82B18E171B600B7FE82 /* myCarViewController.m */,
				35EAB82418E0BEE000B7FE82 /* LoginViewController.h */,
				35EAB82518E0BEE000B7FE82 /* LoginViewController.m */,
				35DF28C418DFC9E60038D583 /* RegisterUIViewController.h */,
				35DF28C518DFC9E60038D583 /* RegisterUIViewController.m */,
				3560F82718ECCA4D004F4777 /* ProviderRegisterationViewController.h */,
				3560F82818ECCA4D004F4777 /* ProviderRegisterationViewController.m */,
				35E2F11A18DB96B600DB261E /* MapUIViewController.h */,
				35E2F11B18DB96B600DB261E /* MapUIViewController.m */,
				357102C518DAA5B000DA17E4 /* finalUIViewController.h */,
				357102C618DAA5B000DA17E4 /* finalUIViewController.m */,
				35FED60D18EBAB3E00DCF8FA /* appointmentIViewController.h */,
				35FED60E18EBAB3E00DCF8FA /* appointmentIViewController.m */,
				357102C818DAA5B100DA17E4 /* Images.xcassets */,
				357102B718DAA5B000DA17E4 /* Supporting Files */,
			);
			path = VehicleService;
			sourceTree = "<group>";
		};
		357102B718DAA5B000DA17E4 /* Supporting Files */ = {
			isa = PBXGroup;
			children = (
				357102B818DAA5B000DA17E4 /* VehicleService-Info.plist */,
				357102B918DAA5B000DA17E4 /* InfoPlist.strings */,
				357102BC18DAA5B000DA17E4 /* main.m */,
				357102BE18DAA5B000DA17E4 /* VehicleService-Prefix.pch */,
			);
			name = "Supporting Files";
			sourceTree = "<group>";
		};
		357102D518DAA5B100DA17E4 /* VehicleServiceTests */ = {
			isa = PBXGroup;
			children = (
				357102DB18DAA5B100DA17E4 /* VehicleServiceTests.m */,
				357102D618DAA5B100DA17E4 /* Supporting Files */,
			);
			path = VehicleServiceTests;
			sourceTree = "<group>";
		};
		357102D618DAA5B100DA17E4 /* Supporting Files */ = {
			isa = PBXGroup;
			children = (
				357102D718DAA5B100DA17E4 /* VehicleServiceTests-Info.plist */,
				357102D818DAA5B100DA17E4 /* InfoPlist.strings */,
			);
			name = "Supporting Files";
			sourceTree = "<group>";
		};
/* End PBXGroup section */

/* Begin PBXNativeTarget section */
		357102AC18DAA5B000DA17E4 /* VehicleService */ = {
			isa = PBXNativeTarget;
			buildConfigurationList = 357102DF18DAA5B100DA17E4 /* Build configuration list for PBXNativeTarget "VehicleService" */;
			buildPhases = (
				357102A918DAA5B000DA17E4 /* Sources */,
				357102AA18DAA5B000DA17E4 /* Frameworks */,
				357102AB18DAA5B000DA17E4 /* Resources */,
			);
			buildRules = (
			);
			dependencies = (
			);
			name = VehicleService;
			productName = VehicleService;
			productReference = 357102AD18DAA5B000DA17E4 /* VehicleService.app */;
			productType = "com.apple.product-type.application";
		};
		357102CD18DAA5B100DA17E4 /* VehicleServiceTests */ = {
			isa = PBXNativeTarget;
			buildConfigurationList = 357102E218DAA5B100DA17E4 /* Build configuration list for PBXNativeTarget "VehicleServiceTests" */;
			buildPhases = (
				357102CA18DAA5B100DA17E4 /* Sources */,
				357102CB18DAA5B100DA17E4 /* Frameworks */,
				357102CC18DAA5B100DA17E4 /* Resources */,
			);
			buildRules = (
			);
			dependencies = (
				357102D418DAA5B100DA17E4 /* PBXTargetDependency */,
			);
			name = VehicleServiceTests;
			productName = VehicleServiceTests;
			productReference = 357102CE18DAA5B100DA17E4 /* VehicleServiceTests.xctest */;
			productType = "com.apple.product-type.bundle.unit-test";
		};
/* End PBXNativeTarget section */

/* Begin PBXProject section */
		357102A518DAA5B000DA17E4 /* Project object */ = {
			isa = PBXProject;
			attributes = {
				CLASSPREFIX = finalUI;
				LastUpgradeCheck = 0500;
				ORGANIZATIONNAME = "Rajmohan Loganathan";
				TargetAttributes = {
					357102CD18DAA5B100DA17E4 = {
						TestTargetID = 357102AC18DAA5B000DA17E4;
					};
				};
			};
			buildConfigurationList = 357102A818DAA5B000DA17E4 /* Build configuration list for PBXProject "VehicleService" */;
			compatibilityVersion = "Xcode 3.2";
			developmentRegion = English;
			hasScannedForEncodings = 0;
			knownRegions = (
				en,
				Base,
			);
			mainGroup = 357102A418DAA5B000DA17E4;
			productRefGroup = 357102AE18DAA5B000DA17E4 /* Products */;
			projectDirPath = "";
			projectRoot = "";
			targets = (
				357102AC18DAA5B000DA17E4 /* VehicleService */,
				357102CD18DAA5B100DA17E4 /* VehicleServiceTests */,
			);
		};
/* End PBXProject section */

/* Begin PBXResourcesBuildPhase section */
		357102AB18DAA5B000DA17E4 /* Resources */ = {
			isa = PBXResourcesBuildPhase;
			buildActionMask = 2147483647;
			files = (
				357102C918DAA5B100DA17E4 /* Images.xcassets in Resources */,
				357102E618DAA98800DA17E4 /* background.png in Resources */,
				357102BB18DAA5B000DA17E4 /* InfoPlist.strings in Resources */,
				350008A518DD156600C8671B /* GoogleMaps.bundle in Resources */,
				357102C418DAA5B000DA17E4 /* Main.storyboard in Resources */,
				35E2F10118DB92AF00DB261E /* GoogleMaps.bundle in Resources */,
			);
			runOnlyForDeploymentPostprocessing = 0;
		};
		357102CC18DAA5B100DA17E4 /* Resources */ = {
			isa = PBXResourcesBuildPhase;
			buildActionMask = 2147483647;
			files = (
				357102DA18DAA5B100DA17E4 /* InfoPlist.strings in Resources */,
			);
			runOnlyForDeploymentPostprocessing = 0;
		};
/* End PBXResourcesBuildPhase section */

/* Begin PBXSourcesBuildPhase section */
		357102A918DAA5B000DA17E4 /* Sources */ = {
			isa = PBXSourcesBuildPhase;
			buildActionMask = 2147483647;
			files = (
				351B598618E1FC8600484088 /* cardetailsViewController.m in Sources */,
				35FED60F18EBAB3E00DCF8FA /* appointmentIViewController.m in Sources */,
				3560F82918ECCA4D004F4777 /* ProviderRegisterationViewController.m in Sources */,
				357102BD18DAA5B000DA17E4 /* main.m in Sources */,
				35DF28C618DFC9E60038D583 /* RegisterUIViewController.m in Sources */,
				35EAB82618E0BEE000B7FE82 /* LoginViewController.m in Sources */,
				35EAB82C18E171B600B7FE82 /* myCarViewController.m in Sources */,
				357102C118DAA5B000DA17E4 /* finalUIAppDelegate.m in Sources */,
				357102C718DAA5B000DA17E4 /* finalUIViewController.m in Sources */,
				35E2F11C18DB96B600DB261E /* MapUIViewController.m in Sources */,
			);
			runOnlyForDeploymentPostprocessing = 0;
		};
		357102CA18DAA5B100DA17E4 /* Sources */ = {
			isa = PBXSourcesBuildPhase;
			buildActionMask = 2147483647;
			files = (
				357102DC18DAA5B100DA17E4 /* VehicleServiceTests.m in Sources */,
			);
			runOnlyForDeploymentPostprocessing = 0;
		};
/* End PBXSourcesBuildPhase section */

/* Begin PBXTargetDependency section */
		357102D418DAA5B100DA17E4 /* PBXTargetDependency */ = {
			isa = PBXTargetDependency;
			target = 357102AC18DAA5B000DA17E4 /* VehicleService */;
			targetProxy = 357102D318DAA5B100DA17E4 /* PBXContainerItemProxy */;
		};
/* End PBXTargetDependency section */

/* Begin PBXVariantGroup section */
		357102B918DAA5B000DA17E4 /* InfoPlist.strings */ = {
			isa = PBXVariantGroup;
			children = (
				357102BA18DAA5B000DA17E4 /* en */,
			);
			name = InfoPlist.strings;
			sourceTree = "<group>";
		};
		357102C218DAA5B000DA17E4 /* Main.storyboard */ = {
			isa = PBXVariantGroup;
			children = (
				357102C318DAA5B000DA17E4 /* Base */,
			);
			name = Main.storyboard;
			sourceTree = "<group>";
		};
		357102D818DAA5B100DA17E4 /* InfoPlist.strings */ = {
			isa = PBXVariantGroup;
			children = (
				357102D918DAA5B100DA17E4 /* en */,
			);
			name = InfoPlist.strings;
			sourceTree = "<group>";
		};
/* End PBXVariantGroup section */

/* Begin XCBuildConfiguration section */
		357102DD18DAA5B100DA17E4 /* Debug */ = {
			isa = XCBuildConfiguration;
			buildSettings = {
				ALWAYS_SEARCH_USER_PATHS = NO;
				ARCHS = "$(ARCHS_STANDARD)";
				CLANG_CXX_LANGUAGE_STANDARD = "gnu++0x";
				CLANG_CXX_LIBRARY = "libc++";
				CLANG_ENABLE_MODULES = YES;
				CLANG_ENABLE_OBJC_ARC = YES;
				CLANG_WARN_BOOL_CONVERSION = YES;
				CLANG_WARN_CONSTANT_CONVERSION = YES;
				CLANG_WARN_DIRECT_OBJC_ISA_USAGE = YES_ERROR;
				CLANG_WARN_EMPTY_BODY = YES;
				CLANG_WARN_ENUM_CONVERSION = YES;
				CLANG_WARN_INT_CONVERSION = YES;
				CLANG_WARN_OBJC_ROOT_CLASS = YES_ERROR;
				CLANG_WARN__DUPLICATE_METHOD_MATCH = YES;
				"CODE_SIGN_IDENTITY[sdk=iphoneos*]" = "iPhone Developer";
				COPY_PHASE_STRIP = NO;
				GCC_C_LANGUAGE_STANDARD = gnu99;
				GCC_DYNAMIC_NO_PIC = NO;
				GCC_OPTIMIZATION_LEVEL = 0;
				GCC_PREPROCESSOR_DEFINITIONS = (
					"DEBUG=1",
					"$(inherited)",
				);
				GCC_SYMBOLS_PRIVATE_EXTERN = NO;
				GCC_WARN_64_TO_32_BIT_CONVERSION = YES;
				GCC_WARN_ABOUT_RETURN_TYPE = YES_ERROR;
				GCC_WARN_UNDECLARED_SELECTOR = YES;
				GCC_WARN_UNINITIALIZED_AUTOS = YES;
				GCC_WARN_UNUSED_FUNCTION = YES;
				GCC_WARN_UNUSED_VARIABLE = YES;
				IPHONEOS_DEPLOYMENT_TARGET = 7.0;
				ONLY_ACTIVE_ARCH = YES;
				OTHER_LDFLAGS = "-ObjC";
				SDKROOT = iphoneos;
			};
			name = Debug;
		};
		357102DE18DAA5B100DA17E4 /* Release */ = {
			isa = XCBuildConfiguration;
			buildSettings = {
				ALWAYS_SEARCH_USER_PATHS = NO;
				ARCHS = "$(ARCHS_STANDARD)";
				CLANG_CXX_LANGUAGE_STANDARD = "gnu++0x";
				CLANG_CXX_LIBRARY = "libc++";
				CLANG_ENABLE_MODULES = YES;
				CLANG_ENABLE_OBJC_ARC = YES;
				CLANG_WARN_BOOL_CONVERSION = YES;
				CLANG_WARN_CONSTANT_CONVERSION = YES;
				CLANG_WARN_DIRECT_OBJC_ISA_USAGE = YES_ERROR;
				CLANG_WARN_EMPTY_BODY = YES;
				CLANG_WARN_ENUM_CONVERSION = YES;
				CLANG_WARN_INT_CONVERSION = YES;
				CLANG_WARN_OBJC_ROOT_CLASS = YES_ERROR;
				CLANG_WARN__DUPLICATE_METHOD_MATCH = YES;
				"CODE_SIGN_IDENTITY[sdk=iphoneos*]" = "iPhone Developer";
				COPY_PHASE_STRIP = YES;
				ENABLE_NS_ASSERTIONS = NO;
				GCC_C_LANGUAGE_STANDARD = gnu99;
				GCC_WARN_64_TO_32_BIT_CONVERSION = YES;
				GCC_WARN_ABOUT_RETURN_TYPE = YES_ERROR;
				GCC_WARN_UNDECLARED_SELECTOR = YES;
				GCC_WARN_UNINITIALIZED_AUTOS = YES;
				GCC_WARN_UNUSED_FUNCTION = YES;
				GCC_WARN_UNUSED_VARIABLE = YES;
				IPHONEOS_DEPLOYMENT_TARGET = 7.0;
				SDKROOT = iphoneos;
				VALIDATE_PRODUCT = YES;
			};
			name = Release;
		};
		357102E018DAA5B100DA17E4 /* Debug */ = {
			isa = XCBuildConfiguration;
			buildSettings = {
				ASSETCATALOG_COMPILER_APPICON_NAME = AppIcon;
				ASSETCATALOG_COMPILER_LAUNCHIMAGE_NAME = LaunchImage;
				FRAMEWORK_SEARCH_PATHS = (
					"$(inherited)",
					"/Users/Raj/Documents/Independant\\ study/vehicleservice/VehicleService",
					/Users/Raj/Documents/FacebookSDK,
				);
				GCC_PRECOMPILE_PREFIX_HEADER = YES;
				GCC_PREFIX_HEADER = "VehicleService/VehicleService-Prefix.pch";
				INFOPLIST_FILE = "VehicleService/VehicleService-Info.plist";
				PRODUCT_NAME = "$(TARGET_NAME)";
				WRAPPER_EXTENSION = app;
			};
			name = Debug;
		};
		357102E118DAA5B100DA17E4 /* Release */ = {
			isa = XCBuildConfiguration;
			buildSettings = {
				ASSETCATALOG_COMPILER_APPICON_NAME = AppIcon;
				ASSETCATALOG_COMPILER_LAUNCHIMAGE_NAME = LaunchImage;
				FRAMEWORK_SEARCH_PATHS = (
					"$(inherited)",
					"/Users/Raj/Documents/Independant\\ study/vehicleservice/VehicleService",
					/Users/Raj/Documents/FacebookSDK,
				);
				GCC_PRECOMPILE_PREFIX_HEADER = YES;
				GCC_PREFIX_HEADER = "VehicleService/VehicleService-Prefix.pch";
				INFOPLIST_FILE = "VehicleService/VehicleService-Info.plist";
				PRODUCT_NAME = "$(TARGET_NAME)";
				WRAPPER_EXTENSION = app;
			};
			name = Release;
		};
		357102E318DAA5B100DA17E4 /* Debug */ = {
			isa = XCBuildConfiguration;
			buildSettings = {
				ARCHS = "$(ARCHS_STANDARD_INCLUDING_64_BIT)";
				BUNDLE_LOADER = "$(BUILT_PRODUCTS_DIR)/VehicleService.app/VehicleService";
				FRAMEWORK_SEARCH_PATHS = (
					"$(SDKROOT)/Developer/Library/Frameworks",
					"$(inherited)",
					"$(DEVELOPER_FRAMEWORKS_DIR)",
				);
				GCC_PRECOMPILE_PREFIX_HEADER = YES;
				GCC_PREFIX_HEADER = "VehicleService/VehicleService-Prefix.pch";
				GCC_PREPROCESSOR_DEFINITIONS = (
					"DEBUG=1",
					"$(inherited)",
				);
				INFOPLIST_FILE = "VehicleServiceTests/VehicleServiceTests-Info.plist";
				PRODUCT_NAME = "$(TARGET_NAME)";
				TEST_HOST = "$(BUNDLE_LOADER)";
				WRAPPER_EXTENSION = xctest;
			};
			name = Debug;
		};
		357102E418DAA5B100DA17E4 /* Release */ = {
			isa = XCBuildConfiguration;
			buildSettings = {
				ARCHS = "$(ARCHS_STANDARD_INCLUDING_64_BIT)";
				BUNDLE_LOADER = "$(BUILT_PRODUCTS_DIR)/VehicleService.app/VehicleService";
				FRAMEWORK_SEARCH_PATHS = (
					"$(SDKROOT)/Developer/Library/Frameworks",
					"$(inherited)",
					"$(DEVELOPER_FRAMEWORKS_DIR)",
				);
				GCC_PRECOMPILE_PREFIX_HEADER = YES;
				GCC_PREFIX_HEADER = "VehicleService/VehicleService-Prefix.pch";
				INFOPLIST_FILE = "VehicleServiceTests/VehicleServiceTests-Info.plist";
				PRODUCT_NAME = "$(TARGET_NAME)";
				TEST_HOST = "$(BUNDLE_LOADER)";
				WRAPPER_EXTENSION = xctest;
			};
			name = Release;
		};
/* End XCBuildConfiguration section */

/* Begin XCConfigurationList section */
		357102A818DAA5B000DA17E4 /* Build configuration list for PBXProject "VehicleService" */ = {
			isa = XCConfigurationList;
			buildConfigurations = (
				357102DD18DAA5B100DA17E4 /* Debug */,
				357102DE18DAA5B100DA17E4 /* Release */,
			);
			defaultConfigurationIsVisible = 0;
			defaultConfigurationName = Release;
		};
		357102DF18DAA5B100DA17E4 /* Build configuration list for PBXNativeTarget "VehicleService" */ = {
			isa = XCConfigurationList;
			buildConfigurations = (
				357102E018DAA5B100DA17E4 /* Debug */,
				357102E118DAA5B100DA17E4 /* Release */,
			);
			defaultConfigurationIsVisible = 0;
			defaultConfigurationName = Release;
		};
		357102E218DAA5B100DA17E4 /* Build configuration list for PBXNativeTarget "VehicleServiceTests" */ = {
			isa = XCConfigurationList;
			buildConfigurations = (
				357102E318DAA5B100DA17E4 /* Debug */,
				357102E418DAA5B100DA17E4 /* Release */,
			);
			defaultConfigurationIsVisible = 0;
			defaultConfigurationName = Release;
		};
/* End XCConfigurationList section */
	};
	rootObject = 357102A518DAA5B000DA17E4 /* Project object */;
}
